// !$*UTF8*$!
{
	archiveVersion = 1;
	classes = {
	};
	objectVersion = 56;
	objects = {

/* Begin PBXBuildFile section */
		AE3A1B012B336D2600DCF2F5 /* ExpenseTrackerApp.swift in Sources */ = {isa = PBXBuildFile; fileRef = AE3A1B002B336D2600DCF2F5 /* ExpenseTrackerApp.swift */; };
		AE3A1B032B336D2600DCF2F5 /* ContentView.swift in Sources */ = {isa = PBXBuildFile; fileRef = AE3A1B022B336D2600DCF2F5 /* ContentView.swift */; };
		AE3A1B052B336D2600DCF2F5 /* Assets.xcassets in Resources */ = {isa = PBXBuildFile; fileRef = AE3A1B042B336D2600DCF2F5 /* Assets.xcassets */; };
		AE3A1B082B336D2600DCF2F5 /* Preview Assets.xcassets in Resources */ = {isa = PBXBuildFile; fileRef = AE3A1B072B336D2600DCF2F5 /* Preview Assets.xcassets */; };
		AE3A1B112B33779B00DCF2F5 /* TransactionModel.swift in Sources */ = {isa = PBXBuildFile; fileRef = AE3A1B102B33779B00DCF2F5 /* TransactionModel.swift */; };
		AE3A1B132B33781600DCF2F5 /* PreviewData.swift in Sources */ = {isa = PBXBuildFile; fileRef = AE3A1B122B33781600DCF2F5 /* PreviewData.swift */; };
		AE3A1B152B33787800DCF2F5 /* TransactionRow.swift in Sources */ = {isa = PBXBuildFile; fileRef = AE3A1B142B33787800DCF2F5 /* TransactionRow.swift */; };
		AE3A1B172B337A2300DCF2F5 /* Extensions.swift in Sources */ = {isa = PBXBuildFile; fileRef = AE3A1B162B337A2300DCF2F5 /* Extensions.swift */; };
		AE3A1B1A2B337CD500DCF2F5 /* SwiftUIFontIcon in Frameworks */ = {isa = PBXBuildFile; productRef = AE3A1B192B337CD500DCF2F5 /* SwiftUIFontIcon */; };
		AE3A1B1C2B337DC900DCF2F5 /* TransactionListViewModel.swift in Sources */ = {isa = PBXBuildFile; fileRef = AE3A1B1B2B337DC900DCF2F5 /* TransactionListViewModel.swift */; };
		AE3A1B1E2B48E3BE00DCF2F5 /* RecentTransactionList.swift in Sources */ = {isa = PBXBuildFile; fileRef = AE3A1B1D2B48E3BE00DCF2F5 /* RecentTransactionList.swift */; };
		AE3A1B202B48EEEC00DCF2F5 /* TransactionList.swift in Sources */ = {isa = PBXBuildFile; fileRef = AE3A1B1F2B48EEEC00DCF2F5 /* TransactionList.swift */; };
		AE3A1B232B48F23E00DCF2F5 /* Collections in Frameworks */ = {isa = PBXBuildFile; productRef = AE3A1B222B48F23E00DCF2F5 /* Collections */; };
		AE3A1B252B48F23E00DCF2F5 /* DequeModule in Frameworks */ = {isa = PBXBuildFile; productRef = AE3A1B242B48F23E00DCF2F5 /* DequeModule */; };
		AE3A1B272B48F23E00DCF2F5 /* OrderedCollections in Frameworks */ = {isa = PBXBuildFile; productRef = AE3A1B262B48F23E00DCF2F5 /* OrderedCollections */; };
		AE3A1B2A2B48F35900DCF2F5 /* SwiftUICharts in Frameworks */ = {isa = PBXBuildFile; productRef = AE3A1B292B48F35900DCF2F5 /* SwiftUICharts */; };
/* End PBXBuildFile section */

/* Begin PBXFileReference section */
		AE3A1AFD2B336D2600DCF2F5 /* ExpenseTracker.app */ = {isa = PBXFileReference; explicitFileType = wrapper.application; includeInIndex = 0; path = ExpenseTracker.app; sourceTree = BUILT_PRODUCTS_DIR; };
		AE3A1B002B336D2600DCF2F5 /* ExpenseTrackerApp.swift */ = {isa = PBXFileReference; lastKnownFileType = sourcecode.swift; path = ExpenseTrackerApp.swift; sourceTree = "<group>"; };
		AE3A1B022B336D2600DCF2F5 /* ContentView.swift */ = {isa = PBXFileReference; lastKnownFileType = sourcecode.swift; path = ContentView.swift; sourceTree = "<group>"; };
		AE3A1B042B336D2600DCF2F5 /* Assets.xcassets */ = {isa = PBXFileReference; lastKnownFileType = folder.assetcatalog; path = Assets.xcassets; sourceTree = "<group>"; };
		AE3A1B072B336D2600DCF2F5 /* Preview Assets.xcassets */ = {isa = PBXFileReference; lastKnownFileType = folder.assetcatalog; path = "Preview Assets.xcassets"; sourceTree = "<group>"; };
		AE3A1B102B33779B00DCF2F5 /* TransactionModel.swift */ = {isa = PBXFileReference; lastKnownFileType = sourcecode.swift; path = TransactionModel.swift; sourceTree = "<group>"; };
		AE3A1B122B33781600DCF2F5 /* PreviewData.swift */ = {isa = PBXFileReference; lastKnownFileType = sourcecode.swift; path = PreviewData.swift; sourceTree = "<group>"; };
		AE3A1B142B33787800DCF2F5 /* TransactionRow.swift */ = {isa = PBXFileReference; lastKnownFileType = sourcecode.swift; path = TransactionRow.swift; sourceTree = "<group>"; };
		AE3A1B162B337A2300DCF2F5 /* Extensions.swift */ = {isa = PBXFileReference; lastKnownFileType = sourcecode.swift; path = Extensions.swift; sourceTree = "<group>"; };
		AE3A1B1B2B337DC900DCF2F5 /* TransactionListViewModel.swift */ = {isa = PBXFileReference; lastKnownFileType = sourcecode.swift; path = TransactionListViewModel.swift; sourceTree = "<group>"; };
		AE3A1B1D2B48E3BE00DCF2F5 /* RecentTransactionList.swift */ = {isa = PBXFileReference; lastKnownFileType = sourcecode.swift; path = RecentTransactionList.swift; sourceTree = "<group>"; };
		AE3A1B1F2B48EEEC00DCF2F5 /* TransactionList.swift */ = {isa = PBXFileReference; lastKnownFileType = sourcecode.swift; path = TransactionList.swift; sourceTree = "<group>"; };
/* End PBXFileReference section */

/* Begin PBXFrameworksBuildPhase section */
		AE3A1AFA2B336D2600DCF2F5 /* Frameworks */ = {
			isa = PBXFrameworksBuildPhase;
			buildActionMask = 2147483647;
			files = (
				AE3A1B232B48F23E00DCF2F5 /* Collections in Frameworks */,
				AE3A1B1A2B337CD500DCF2F5 /* SwiftUIFontIcon in Frameworks */,
				AE3A1B272B48F23E00DCF2F5 /* OrderedCollections in Frameworks */,
				AE3A1B252B48F23E00DCF2F5 /* DequeModule in Frameworks */,
				AE3A1B2A2B48F35900DCF2F5 /* SwiftUICharts in Frameworks */,
			);
			runOnlyForDeploymentPostprocessing = 0;
		};
/* End PBXFrameworksBuildPhase section */

/* Begin PBXGroup section */
		AE3A1AF42B336D2600DCF2F5 = {
			isa = PBXGroup;
			children = (
				AE3A1AFF2B336D2600DCF2F5 /* ExpenseTracker */,
				AE3A1AFE2B336D2600DCF2F5 /* Products */,
			);
			sourceTree = "<group>";
		};
		AE3A1AFE2B336D2600DCF2F5 /* Products */ = {
			isa = PBXGroup;
			children = (
				AE3A1AFD2B336D2600DCF2F5 /* ExpenseTracker.app */,
			);
			name = Products;
			sourceTree = "<group>";
		};
		AE3A1AFF2B336D2600DCF2F5 /* ExpenseTracker */ = {
			isa = PBXGroup;
			children = (
				AE3A1B002B336D2600DCF2F5 /* ExpenseTrackerApp.swift */,
				AE3A1B022B336D2600DCF2F5 /* ContentView.swift */,
				AE3A1B142B33787800DCF2F5 /* TransactionRow.swift */,
				AE3A1B1F2B48EEEC00DCF2F5 /* TransactionList.swift */,
				AE3A1B1B2B337DC900DCF2F5 /* TransactionListViewModel.swift */,
				AE3A1B1D2B48E3BE00DCF2F5 /* RecentTransactionList.swift */,
				AE3A1B102B33779B00DCF2F5 /* TransactionModel.swift */,
				AE3A1B162B337A2300DCF2F5 /* Extensions.swift */,
				AE3A1B042B336D2600DCF2F5 /* Assets.xcassets */,
				AE3A1B062B336D2600DCF2F5 /* Preview Content */,
			);
			path = ExpenseTracker;
			sourceTree = "<group>";
		};
		AE3A1B062B336D2600DCF2F5 /* Preview Content */ = {
			isa = PBXGroup;
			children = (
				AE3A1B072B336D2600DCF2F5 /* Preview Assets.xcassets */,
				AE3A1B122B33781600DCF2F5 /* PreviewData.swift */,
			);
			path = "Preview Content";
			sourceTree = "<group>";
		};
/* End PBXGroup section */

/* Begin PBXNativeTarget section */
		AE3A1AFC2B336D2600DCF2F5 /* ExpenseTracker */ = {
			isa = PBXNativeTarget;
			buildConfigurationList = AE3A1B0B2B336D2600DCF2F5 /* Build configuration list for PBXNativeTarget "ExpenseTracker" */;
			buildPhases = (
				AE3A1AF92B336D2600DCF2F5 /* Sources */,
				AE3A1AFA2B336D2600DCF2F5 /* Frameworks */,
				AE3A1AFB2B336D2600DCF2F5 /* Resources */,
			);
			buildRules = (
			);
			dependencies = (
			);
			name = ExpenseTracker;
			packageProductDependencies = (
				AE3A1B192B337CD500DCF2F5 /* SwiftUIFontIcon */,
				AE3A1B222B48F23E00DCF2F5 /* Collections */,
				AE3A1B242B48F23E00DCF2F5 /* DequeModule */,
				AE3A1B262B48F23E00DCF2F5 /* OrderedCollections */,
				AE3A1B292B48F35900DCF2F5 /* SwiftUICharts */,
			);
			productName = ExpenseTracker;
			productReference = AE3A1AFD2B336D2600DCF2F5 /* ExpenseTracker.app */;
			productType = "com.apple.product-type.application";
		};
/* End PBXNativeTarget section */

/* Begin PBXProject section */
		AE3A1AF52B336D2600DCF2F5 /* Project object */ = {
			isa = PBXProject;
			attributes = {
				BuildIndependentTargetsInParallel = 1;
				LastSwiftUpdateCheck = 1510;
				LastUpgradeCheck = 1510;
				TargetAttributes = {
					AE3A1AFC2B336D2600DCF2F5 = {
						CreatedOnToolsVersion = 15.1;
					};
				};
			};
			buildConfigurationList = AE3A1AF82B336D2600DCF2F5 /* Build configuration list for PBXProject "ExpenseTracker" */;
			compatibilityVersion = "Xcode 14.0";
			developmentRegion = en;
			hasScannedForEncodings = 0;
			knownRegions = (
				en,
				Base,
			);
			mainGroup = AE3A1AF42B336D2600DCF2F5;
			packageReferences = (
				AE3A1B182B337CD500DCF2F5 /* XCRemoteSwiftPackageReference "SwiftUIFontIcon" */,
				AE3A1B212B48F23E00DCF2F5 /* XCRemoteSwiftPackageReference "swift-collections" */,
				AE3A1B282B48F35900DCF2F5 /* XCRemoteSwiftPackageReference "ChartView" */,
			);
			productRefGroup = AE3A1AFE2B336D2600DCF2F5 /* Products */;
			projectDirPath = "";
			projectRoot = "";
			targets = (
				AE3A1AFC2B336D2600DCF2F5 /* ExpenseTracker */,
			);
		};
/* End PBXProject section */

/* Begin PBXResourcesBuildPhase section */
		AE3A1AFB2B336D2600DCF2F5 /* Resources */ = {
			isa = PBXResourcesBuildPhase;
			buildActionMask = 2147483647;
			files = (
				AE3A1B082B336D2600DCF2F5 /* Preview Assets.xcassets in Resources */,
				AE3A1B052B336D2600DCF2F5 /* Assets.xcassets in Resources */,
			);
			runOnlyForDeploymentPostprocessing = 0;
		};
/* End PBXResourcesBuildPhase section */

/* Begin PBXSourcesBuildPhase section */
		AE3A1AF92B336D2600DCF2F5 /* Sources */ = {
			isa = PBXSourcesBuildPhase;
			buildActionMask = 2147483647;
			files = (
				AE3A1B152B33787800DCF2F5 /* TransactionRow.swift in Sources */,
				AE3A1B202B48EEEC00DCF2F5 /* TransactionList.swift in Sources */,
				AE3A1B1E2B48E3BE00DCF2F5 /* RecentTransactionList.swift in Sources */,
				AE3A1B172B337A2300DCF2F5 /* Extensions.swift in Sources */,
				AE3A1B132B33781600DCF2F5 /* PreviewData.swift in Sources */,
				AE3A1B112B33779B00DCF2F5 /* TransactionModel.swift in Sources */,
				AE3A1B032B336D2600DCF2F5 /* ContentView.swift in Sources */,
				AE3A1B1C2B337DC900DCF2F5 /* TransactionListViewModel.swift in Sources */,
				AE3A1B012B336D2600DCF2F5 /* ExpenseTrackerApp.swift in Sources */,
			);
			runOnlyForDeploymentPostprocessing = 0;
		};
/* End PBXSourcesBuildPhase section */

/* Begin XCBuildConfiguration section */
		AE3A1B092B336D2600DCF2F5 /* Debug */ = {
			isa = XCBuildConfiguration;
			buildSettings = {
				ALWAYS_SEARCH_USER_PATHS = NO;
				ASSETCATALOG_COMPILER_GENERATE_SWIFT_ASSET_SYMBOL_EXTENSIONS = YES;
				CLANG_ANALYZER_NONNULL = YES;
				CLANG_ANALYZER_NUMBER_OBJECT_CONVERSION = YES_AGGRESSIVE;
				CLANG_CXX_LANGUAGE_STANDARD = "gnu++20";
				CLANG_ENABLE_MODULES = YES;
				CLANG_ENABLE_OBJC_ARC = YES;
				CLANG_ENABLE_OBJC_WEAK = YES;
				CLANG_WARN_BLOCK_CAPTURE_AUTORELEASING = YES;
				CLANG_WARN_BOOL_CONVERSION = YES;
				CLANG_WARN_COMMA = YES;
				CLANG_WARN_CONSTANT_CONVERSION = YES;
				CLANG_WARN_DEPRECATED_OBJC_IMPLEMENTATIONS = YES;
				CLANG_WARN_DIRECT_OBJC_ISA_USAGE = YES_ERROR;
				CLANG_WARN_DOCUMENTATION_COMMENTS = YES;
				CLANG_WARN_EMPTY_BODY = YES;
				CLANG_WARN_ENUM_CONVERSION = YES;
				CLANG_WARN_INFINITE_RECURSION = YES;
				CLANG_WARN_INT_CONVERSION = YES;
				CLANG_WARN_NON_LITERAL_NULL_CONVERSION = YES;
				CLANG_WARN_OBJC_IMPLICIT_RETAIN_SELF = YES;
				CLANG_WARN_OBJC_LITERAL_CONVERSION = YES;
				CLANG_WARN_OBJC_ROOT_CLASS = YES_ERROR;
				CLANG_WARN_QUOTED_INCLUDE_IN_FRAMEWORK_HEADER = YES;
				CLANG_WARN_RANGE_LOOP_ANALYSIS = YES;
				CLANG_WARN_STRICT_PROTOTYPES = YES;
				CLANG_WARN_SUSPICIOUS_MOVE = YES;
				CLANG_WARN_UNGUARDED_AVAILABILITY = YES_AGGRESSIVE;
				CLANG_WARN_UNREACHABLE_CODE = YES;
				CLANG_WARN__DUPLICATE_METHOD_MATCH = YES;
				COPY_PHASE_STRIP = NO;
				DEBUG_INFORMATION_FORMAT = dwarf;
				ENABLE_STRICT_OBJC_MSGSEND = YES;
				ENABLE_TESTABILITY = YES;
				ENABLE_USER_SCRIPT_SANDBOXING = YES;
				GCC_C_LANGUAGE_STANDARD = gnu17;
				GCC_DYNAMIC_NO_PIC = NO;
				GCC_NO_COMMON_BLOCKS = YES;
				GCC_OPTIMIZATION_LEVEL = 0;
				GCC_PREPROCESSOR_DEFINITIONS = (
					"DEBUG=1",
					"$(inherited)",
				);
				GCC_WARN_64_TO_32_BIT_CONVERSION = YES;
				GCC_WARN_ABOUT_RETURN_TYPE = YES_ERROR;
				GCC_WARN_UNDECLARED_SELECTOR = YES;
				GCC_WARN_UNINITIALIZED_AUTOS = YES_AGGRESSIVE;
				GCC_WARN_UNUSED_FUNCTION = YES;
				GCC_WARN_UNUSED_VARIABLE = YES;
				IPHONEOS_DEPLOYMENT_TARGET = 17.2;
				LOCALIZATION_PREFERS_STRING_CATALOGS = YES;
				MTL_ENABLE_DEBUG_INFO = INCLUDE_SOURCE;
				MTL_FAST_MATH = YES;
				ONLY_ACTIVE_ARCH = YES;
				SDKROOT = iphoneos;
				SWIFT_ACTIVE_COMPILATION_CONDITIONS = "DEBUG $(inherited)";
				SWIFT_OPTIMIZATION_LEVEL = "-Onone";
			};
			name = Debug;
		};
		AE3A1B0A2B336D2600DCF2F5 /* Release */ = {
			isa = XCBuildConfiguration;
			buildSettings = {
				ALWAYS_SEARCH_USER_PATHS = NO;
				ASSETCATALOG_COMPILER_GENERATE_SWIFT_ASSET_SYMBOL_EXTENSIONS = YES;
				CLANG_ANALYZER_NONNULL = YES;
				CLANG_ANALYZER_NUMBER_OBJECT_CONVERSION = YES_AGGRESSIVE;
				CLANG_CXX_LANGUAGE_STANDARD = "gnu++20";
				CLANG_ENABLE_MODULES = YES;
				CLANG_ENABLE_OBJC_ARC = YES;
				CLANG_ENABLE_OBJC_WEAK = YES;
				CLANG_WARN_BLOCK_CAPTURE_AUTORELEASING = YES;
				CLANG_WARN_BOOL_CONVERSION = YES;
				CLANG_WARN_COMMA = YES;
				CLANG_WARN_CONSTANT_CONVERSION = YES;
				CLANG_WARN_DEPRECATED_OBJC_IMPLEMENTATIONS = YES;
				CLANG_WARN_DIRECT_OBJC_ISA_USAGE = YES_ERROR;
				CLANG_WARN_DOCUMENTATION_COMMENTS = YES;
				CLANG_WARN_EMPTY_BODY = YES;
				CLANG_WARN_ENUM_CONVERSION = YES;
				CLANG_WARN_INFINITE_RECURSION = YES;
				CLANG_WARN_INT_CONVERSION = YES;
				CLANG_WARN_NON_LITERAL_NULL_CONVERSION = YES;
				CLANG_WARN_OBJC_IMPLICIT_RETAIN_SELF = YES;
				CLANG_WARN_OBJC_LITERAL_CONVERSION = YES;
				CLANG_WARN_OBJC_ROOT_CLASS = YES_ERROR;
				CLANG_WARN_QUOTED_INCLUDE_IN_FRAMEWORK_HEADER = YES;
				CLANG_WARN_RANGE_LOOP_ANALYSIS = YES;
				CLANG_WARN_STRICT_PROTOTYPES = YES;
				CLANG_WARN_SUSPICIOUS_MOVE = YES;
				CLANG_WARN_UNGUARDED_AVAILABILITY = YES_AGGRESSIVE;
				CLANG_WARN_UNREACHABLE_CODE = YES;
				CLANG_WARN__DUPLICATE_METHOD_MATCH = YES;
				COPY_PHASE_STRIP = NO;
				DEBUG_INFORMATION_FORMAT = "dwarf-with-dsym";
				ENABLE_NS_ASSERTIONS = NO;
				ENABLE_STRICT_OBJC_MSGSEND = YES;
				ENABLE_USER_SCRIPT_SANDBOXING = YES;
				GCC_C_LANGUAGE_STANDARD = gnu17;
				GCC_NO_COMMON_BLOCKS = YES;
				GCC_WARN_64_TO_32_BIT_CONVERSION = YES;
				GCC_WARN_ABOUT_RETURN_TYPE = YES_ERROR;
				GCC_WARN_UNDECLARED_SELECTOR = YES;
				GCC_WARN_UNINITIALIZED_AUTOS = YES_AGGRESSIVE;
				GCC_WARN_UNUSED_FUNCTION = YES;
				GCC_WARN_UNUSED_VARIABLE = YES;
				IPHONEOS_DEPLOYMENT_TARGET = 17.2;
				LOCALIZATION_PREFERS_STRING_CATALOGS = YES;
				MTL_ENABLE_DEBUG_INFO = NO;
				MTL_FAST_MATH = YES;
				SDKROOT = iphoneos;
				SWIFT_COMPILATION_MODE = wholemodule;
				VALIDATE_PRODUCT = YES;
			};
			name = Release;
		};
		AE3A1B0C2B336D2600DCF2F5 /* Debug */ = {
			isa = XCBuildConfiguration;
			buildSettings = {
				ASSETCATALOG_COMPILER_APPICON_NAME = AppIcon;
				ASSETCATALOG_COMPILER_GLOBAL_ACCENT_COLOR_NAME = AccentColor;
				CODE_SIGN_STYLE = Automatic;
				CURRENT_PROJECT_VERSION = 1;
				DEVELOPMENT_ASSET_PATHS = "\"ExpenseTracker/Preview Content\"";
				ENABLE_PREVIEWS = YES;
				GENERATE_INFOPLIST_FILE = YES;
				INFOPLIST_KEY_UIApplicationSceneManifest_Generation = YES;
				INFOPLIST_KEY_UIApplicationSupportsIndirectInputEvents = YES;
				INFOPLIST_KEY_UILaunchScreen_Generation = YES;
				INFOPLIST_KEY_UISupportedInterfaceOrientations_iPad = "UIInterfaceOrientationPortrait UIInterfaceOrientationPortraitUpsideDown UIInterfaceOrientationLandscapeLeft UIInterfaceOrientationLandscapeRight";
				INFOPLIST_KEY_UISupportedInterfaceOrientations_iPhone = "UIInterfaceOrientationPortrait UIInterfaceOrientationLandscapeLeft UIInterfaceOrientationLandscapeRight";
				LD_RUNPATH_SEARCH_PATHS = (
					"$(inherited)",
					"@executable_path/Frameworks",
				);
				MARKETING_VERSION = 1.0;
				PRODUCT_BUNDLE_IDENTIFIER = br.com.mackley.ExpenseTracker;
				PRODUCT_NAME = "$(TARGET_NAME)";
				SWIFT_EMIT_LOC_STRINGS = YES;
				SWIFT_VERSION = 5.0;
				TARGETED_DEVICE_FAMILY = "1,2";
			};
			name = Debug;
		};
		AE3A1B0D2B336D2600DCF2F5 /* Release */ = {
			isa = XCBuildConfiguration;
			buildSettings = {
				ASSETCATALOG_COMPILER_APPICON_NAME = AppIcon;
				ASSETCATALOG_COMPILER_GLOBAL_ACCENT_COLOR_NAME = AccentColor;
				CODE_SIGN_STYLE = Automatic;
				CURRENT_PROJECT_VERSION = 1;
				DEVELOPMENT_ASSET_PATHS = "\"ExpenseTracker/Preview Content\"";
				ENABLE_PREVIEWS = YES;
				GENERATE_INFOPLIST_FILE = YES;
				INFOPLIST_KEY_UIApplicationSceneManifest_Generation = YES;
				INFOPLIST_KEY_UIApplicationSupportsIndirectInputEvents = YES;
				INFOPLIST_KEY_UILaunchScreen_Generation = YES;
				INFOPLIST_KEY_UISupportedInterfaceOrientations_iPad = "UIInterfaceOrientationPortrait UIInterfaceOrientationPortraitUpsideDown UIInterfaceOrientationLandscapeLeft UIInterfaceOrientationLandscapeRight";
				INFOPLIST_KEY_UISupportedInterfaceOrientations_iPhone = "UIInterfaceOrientationPortrait UIInterfaceOrientationLandscapeLeft UIInterfaceOrientationLandscapeRight";
				LD_RUNPATH_SEARCH_PATHS = (
					"$(inherited)",
					"@executable_path/Frameworks",
				);
				MARKETING_VERSION = 1.0;
				PRODUCT_BUNDLE_IDENTIFIER = br.com.mackley.ExpenseTracker;
				PRODUCT_NAME = "$(TARGET_NAME)";
				SWIFT_EMIT_LOC_STRINGS = YES;
				SWIFT_VERSION = 5.0;
				TARGETED_DEVICE_FAMILY = "1,2";
			};
			name = Release;
		};
/* End XCBuildConfiguration section */

/* Begin XCConfigurationList section */
		AE3A1AF82B336D2600DCF2F5 /* Build configuration list for PBXProject "ExpenseTracker" */ = {
			isa = XCConfigurationList;
			buildConfigurations = (
				AE3A1B092B336D2600DCF2F5 /* Debug */,
				AE3A1B0A2B336D2600DCF2F5 /* Release */,
			);
			defaultConfigurationIsVisible = 0;
			defaultConfigurationName = Release;
		};
		AE3A1B0B2B336D2600DCF2F5 /* Build configuration list for PBXNativeTarget "ExpenseTracker" */ = {
			isa = XCConfigurationList;
			buildConfigurations = (
				AE3A1B0C2B336D2600DCF2F5 /* Debug */,
				AE3A1B0D2B336D2600DCF2F5 /* Release */,
			);
			defaultConfigurationIsVisible = 0;
			defaultConfigurationName = Release;
		};
/* End XCConfigurationList section */

/* Begin XCRemoteSwiftPackageReference section */
		AE3A1B182B337CD500DCF2F5 /* XCRemoteSwiftPackageReference "SwiftUIFontIcon" */ = {
			isa = XCRemoteSwiftPackageReference;
			repositoryURL = "https://github.com/huybuidac/SwiftUIFontIcon";
			requirement = {
				branch = master;
				kind = branch;
			};
		};
		AE3A1B212B48F23E00DCF2F5 /* XCRemoteSwiftPackageReference "swift-collections" */ = {
			isa = XCRemoteSwiftPackageReference;
			repositoryURL = "https://github.com/apple/swift-collections.git";
			requirement = {
				kind = upToNextMajorVersion;
				minimumVersion = 1.0.6;
			};
		};
		AE3A1B282B48F35900DCF2F5 /* XCRemoteSwiftPackageReference "ChartView" */ = {
			isa = XCRemoteSwiftPackageReference;
			repositoryURL = "https://github.com/AppPear/ChartView";
			requirement = {
				kind = exactVersion;
				version = "2.0.0-beta.2";
			};
		};
/* End XCRemoteSwiftPackageReference section */

/* Begin XCSwiftPackageProductDependency section */
		AE3A1B192B337CD500DCF2F5 /* SwiftUIFontIcon */ = {
			isa = XCSwiftPackageProductDependency;
			package = AE3A1B182B337CD500DCF2F5 /* XCRemoteSwiftPackageReference "SwiftUIFontIcon" */;
			productName = SwiftUIFontIcon;
		};
		AE3A1B222B48F23E00DCF2F5 /* Collections */ = {
			isa = XCSwiftPackageProductDependency;
			package = AE3A1B212B48F23E00DCF2F5 /* XCRemoteSwiftPackageReference "swift-collections" */;
			productName = Collections;
		};
		AE3A1B242B48F23E00DCF2F5 /* DequeModule */ = {
			isa = XCSwiftPackageProductDependency;
			package = AE3A1B212B48F23E00DCF2F5 /* XCRemoteSwiftPackageReference "swift-collections" */;
			productName = DequeModule;
		};
		AE3A1B262B48F23E00DCF2F5 /* OrderedCollections */ = {
			isa = XCSwiftPackageProductDependency;
			package = AE3A1B212B48F23E00DCF2F5 /* XCRemoteSwiftPackageReference "swift-collections" */;
			productName = OrderedCollections;
		};
		AE3A1B292B48F35900DCF2F5 /* SwiftUICharts */ = {
			isa = XCSwiftPackageProductDependency;
			package = AE3A1B282B48F35900DCF2F5 /* XCRemoteSwiftPackageReference "ChartView" */;
			productName = SwiftUICharts;
		};
/* End XCSwiftPackageProductDependency section */
	};
	rootObject = AE3A1AF52B336D2600DCF2F5 /* Project object */;
}
